
Microsoft Visual Studio Solution File, Format Version 12.00
# Visual Studio 15
VisualStudioVersion = 15.0.28010.2036
MinimumVisualStudioVersion = 10.0.40219.1
Project("{FAE04EC0-301F-11D3-BF4B-00C04F79EFBC}") = "Simbox.QML", "Simbox.QML.csproj", "{A69E993B-C9AC-4FC3-AD01-8FAD77688190}"
EndProject
Project("{FAE04EC0-301F-11D3-BF4B-00C04F79EFBC}") = "Simbox.QML.Test", "Simbox.QML.Test\Simbox.QML.Test.csproj", "{64777DF8-8224-416B-8384-98BC9722FF50}"
EndProject
Global
	GlobalSection(SolutionConfigurationPlatforms) = preSolution
		Debug|Any CPU = Debug|Any CPU
		Release|Any CPU = Release|Any CPU
	EndGlobalSection
	GlobalSection(ProjectConfigurationPlatforms) = postSolution
		{A69E993B-C9AC-4FC3-AD01-8FAD77688190}.Debug|Any CPU.ActiveCfg = Debug|Any CPU
		{A69E993B-C9AC-4FC3-AD01-8FAD77688190}.Debug|Any CPU.Build.0 = Debug|Any CPU
		{A69E993B-C9AC-4FC3-AD01-8FAD77688190}.Release|Any CPU.ActiveCfg = Release|Any CPU
		{A69E993B-C9AC-4FC3-AD01-8FAD77688190}.Release|Any CPU.Build.0 = Release|Any CPU
		{64777DF8-8224-416B-8384-98BC9722FF50}.Debug|Any CPU.ActiveCfg = Debug|Any CPU
		{64777DF8-8224-416B-8384-98BC9722FF50}.Debug|Any CPU.Build.0 = Debug|Any CPU
		{64777DF8-8224-416B-8384-98BC9722FF50}.Release|Any CPU.ActiveCfg = Release|Any CPU
		{64777DF8-8224-416B-8384-98BC9722FF50}.Release|Any CPU.Build.0 = Release|Any CPU
	EndGlobalSection
	GlobalSection(SolutionProperties) = preSolution
		HideSolutionNode = FALSE
	EndGlobalSection
	GlobalSection(ExtensibilityGlobals) = postSolution
		SolutionGuid = {51E04C30-0A54-4E5D-8FF6-4203A3BAB1D6}
	EndGlobalSection
EndGlobal
